// !$*UTF8*$!
{
	archiveVersion = 1;
	classes = {
	};
	objectVersion = 46;
	objects = {

/* Begin PBXBuildFile section */
		DF59A6D519E6BBF300D1CF0A /* main.m in Sources */ = {isa = PBXBuildFile; fileRef = DF59A6D419E6BBF300D1CF0A /* main.m */; };
		DF59A6D819E6BBF300D1CF0A /* AppDelegate.m in Sources */ = {isa = PBXBuildFile; fileRef = DF59A6D719E6BBF300D1CF0A /* AppDelegate.m */; };
		DF59A6E119E6BBF300D1CF0A /* Main.storyboard in Resources */ = {isa = PBXBuildFile; fileRef = DF59A6DF19E6BBF300D1CF0A /* Main.storyboard */; };
		DF59A6E319E6BBF300D1CF0A /* Images.xcassets in Resources */ = {isa = PBXBuildFile; fileRef = DF59A6E219E6BBF300D1CF0A /* Images.xcassets */; };
		DF59A6E619E6BBF300D1CF0A /* LaunchScreen.xib in Resources */ = {isa = PBXBuildFile; fileRef = DF59A6E419E6BBF300D1CF0A /* LaunchScreen.xib */; };
		DF59A6F219E6BBF300D1CF0A /* WechatInterfaceTests.m in Sources */ = {isa = PBXBuildFile; fileRef = DF59A6F119E6BBF300D1CF0A /* WechatInterfaceTests.m */; };
		DF86FEB81A13368300275F92 /* ChatViewController.m in Sources */ = {isa = PBXBuildFile; fileRef = DF86FEB71A13368300275F92 /* ChatViewController.m */; };
		DF86FEBE1A133FDF00275F92 /* ChatDetailViewController.m in Sources */ = {isa = PBXBuildFile; fileRef = DF86FEBD1A133FDF00275F92 /* ChatDetailViewController.m */; };
		DF86FEC11A13419600275F92 /* ChatTableViewCell.m in Sources */ = {isa = PBXBuildFile; fileRef = DF86FEC01A13419600275F92 /* ChatTableViewCell.m */; };
/* End PBXBuildFile section */

/* Begin PBXContainerItemProxy section */
		DF59A6EC19E6BBF300D1CF0A /* PBXContainerItemProxy */ = {
			isa = PBXContainerItemProxy;
			containerPortal = DF59A6C719E6BBF300D1CF0A /* Project object */;
			proxyType = 1;
			remoteGlobalIDString = DF59A6CE19E6BBF300D1CF0A;
			remoteInfo = WechatInterface;
		};
/* End PBXContainerItemProxy section */

/* Begin PBXFileReference section */
		DF59A6CF19E6BBF300D1CF0A /* WechatInterface.app */ = {isa = PBXFileReference; explicitFileType = wrapper.application; includeInIndex = 0; path = WechatInterface.app; sourceTree = BUILT_PRODUCTS_DIR; };
		DF59A6D319E6BBF300D1CF0A /* Info.plist */ = {isa = PBXFileReference; lastKnownFileType = text.plist.xml; path = Info.plist; sourceTree = "<group>"; };
		DF59A6D419E6BBF300D1CF0A /* main.m */ = {isa = PBXFileReference; lastKnownFileType = sourcecode.c.objc; path = main.m; sourceTree = "<group>"; };
		DF59A6D619E6BBF300D1CF0A /* AppDelegate.h */ = {isa = PBXFileReference; lastKnownFileType = sourcecode.c.h; path = AppDelegate.h; sourceTree = "<group>"; };
		DF59A6D719E6BBF300D1CF0A /* AppDelegate.m */ = {isa = PBXFileReference; lastKnownFileType = sourcecode.c.objc; path = AppDelegate.m; sourceTree = "<group>"; };
		DF59A6E019E6BBF300D1CF0A /* Base */ = {isa = PBXFileReference; lastKnownFileType = file.storyboard; name = Base; path = Base.lproj/Main.storyboard; sourceTree = "<group>"; };
		DF59A6E219E6BBF300D1CF0A /* Images.xcassets */ = {isa = PBXFileReference; lastKnownFileType = folder.assetcatalog; path = Images.xcassets; sourceTree = "<group>"; };
		DF59A6E519E6BBF300D1CF0A /* Base */ = {isa = PBXFileReference; lastKnownFileType = file.xib; name = Base; path = Base.lproj/LaunchScreen.xib; sourceTree = "<group>"; };
		DF59A6EB19E6BBF300D1CF0A /* WechatInterfaceTests.xctest */ = {isa = PBXFileReference; explicitFileType = wrapper.cfbundle; includeInIndex = 0; path = WechatInterfaceTests.xctest; sourceTree = BUILT_PRODUCTS_DIR; };
		DF59A6F019E6BBF300D1CF0A /* Info.plist */ = {isa = PBXFileReference; lastKnownFileType = text.plist.xml; path = Info.plist; sourceTree = "<group>"; };
		DF59A6F119E6BBF300D1CF0A /* WechatInterfaceTests.m */ = {isa = PBXFileReference; lastKnownFileType = sourcecode.c.objc; path = WechatInterfaceTests.m; sourceTree = "<group>"; };
		DF86FEB61A13368300275F92 /* ChatViewController.h */ = {isa = PBXFileReference; fileEncoding = 4; lastKnownFileType = sourcecode.c.h; path = ChatViewController.h; sourceTree = "<group>"; };
		DF86FEB71A13368300275F92 /* ChatViewController.m */ = {isa = PBXFileReference; fileEncoding = 4; lastKnownFileType = sourcecode.c.objc; path = ChatViewController.m; sourceTree = "<group>"; };
		DF86FEBC1A133FDF00275F92 /* ChatDetailViewController.h */ = {isa = PBXFileReference; fileEncoding = 4; lastKnownFileType = sourcecode.c.h; path = ChatDetailViewController.h; sourceTree = "<group>"; };
		DF86FEBD1A133FDF00275F92 /* ChatDetailViewController.m */ = {isa = PBXFileReference; fileEncoding = 4; lastKnownFileType = sourcecode.c.objc; path = ChatDetailViewController.m; sourceTree = "<group>"; };
		DF86FEBF1A13419600275F92 /* ChatTableViewCell.h */ = {isa = PBXFileReference; fileEncoding = 4; lastKnownFileType = sourcecode.c.h; path = ChatTableViewCell.h; sourceTree = "<group>"; };
		DF86FEC01A13419600275F92 /* ChatTableViewCell.m */ = {isa = PBXFileReference; fileEncoding = 4; lastKnownFileType = sourcecode.c.objc; path = ChatTableViewCell.m; sourceTree = "<group>"; };
/* End PBXFileReference section */

/* Begin PBXFrameworksBuildPhase section */
		DF59A6CC19E6BBF300D1CF0A /* Frameworks */ = {
			isa = PBXFrameworksBuildPhase;
			buildActionMask = 2147483647;
			files = (
			);
			runOnlyForDeploymentPostprocessing = 0;
		};
		DF59A6E819E6BBF300D1CF0A /* Frameworks */ = {
			isa = PBXFrameworksBuildPhase;
			buildActionMask = 2147483647;
			files = (
			);
			runOnlyForDeploymentPostprocessing = 0;
		};
/* End PBXFrameworksBuildPhase section */

/* Begin PBXGroup section */
		DF59A6C619E6BBF300D1CF0A = {
			isa = PBXGroup;
			children = (
				DF59A6D119E6BBF300D1CF0A /* WechatInterface */,
				DF59A6EE19E6BBF300D1CF0A /* WechatInterfaceTests */,
				DF59A6D019E6BBF300D1CF0A /* Products */,
			);
			sourceTree = "<group>";
		};
		DF59A6D019E6BBF300D1CF0A /* Products */ = {
			isa = PBXGroup;
			children = (
				DF59A6CF19E6BBF300D1CF0A /* WechatInterface.app */,
				DF59A6EB19E6BBF300D1CF0A /* WechatInterfaceTests.xctest */,
			);
			name = Products;
			sourceTree = "<group>";
		};
		DF59A6D119E6BBF300D1CF0A /* WechatInterface */ = {
			isa = PBXGroup;
			children = (
				DF59A6E219E6BBF300D1CF0A /* Images.xcassets */,
				DF59A6DF19E6BBF300D1CF0A /* Main.storyboard */,
				DF59A6D619E6BBF300D1CF0A /* AppDelegate.h */,
				DF59A6D719E6BBF300D1CF0A /* AppDelegate.m */,
				DF86FEB61A13368300275F92 /* ChatViewController.h */,
				DF86FEB71A13368300275F92 /* ChatViewController.m */,
				DF86FEBC1A133FDF00275F92 /* ChatDetailViewController.h */,
				DF86FEBD1A133FDF00275F92 /* ChatDetailViewController.m */,
				DF86FEBF1A13419600275F92 /* ChatTableViewCell.h */,
				DF86FEC01A13419600275F92 /* ChatTableViewCell.m */,
				DF59A6E419E6BBF300D1CF0A /* LaunchScreen.xib */,
				DF59A6D219E6BBF300D1CF0A /* Supporting Files */,
			);
			path = WechatInterface;
			sourceTree = "<group>";
		};
		DF59A6D219E6BBF300D1CF0A /* Supporting Files */ = {
			isa = PBXGroup;
			children = (
				DF59A6D319E6BBF300D1CF0A /* Info.plist */,
				DF59A6D419E6BBF300D1CF0A /* main.m */,
			);
			name = "Supporting Files";
			sourceTree = "<group>";
		};
		DF59A6EE19E6BBF300D1CF0A /* WechatInterfaceTests */ = {
			isa = PBXGroup;
			children = (
				DF59A6F119E6BBF300D1CF0A /* WechatInterfaceTests.m */,
				DF59A6EF19E6BBF300D1CF0A /* Supporting Files */,
			);
			path = WechatInterfaceTests;
			sourceTree = "<group>";
		};
		DF59A6EF19E6BBF300D1CF0A /* Supporting Files */ = {
			isa = PBXGroup;
			children = (
				DF59A6F019E6BBF300D1CF0A /* Info.plist */,
			);
			name = "Supporting Files";
			sourceTree = "<group>";
		};
/* End PBXGroup section */

/* Begin PBXNativeTarget section */
		DF59A6CE19E6BBF300D1CF0A /* WechatInterface */ = {
			isa = PBXNativeTarget;
			buildConfigurationList = DF59A6F519E6BBF300D1CF0A /* Build configuration list for PBXNativeTarget "WechatInterface" */;
			buildPhases = (
				DF59A6CB19E6BBF300D1CF0A /* Sources */,
				DF59A6CC19E6BBF300D1CF0A /* Frameworks */,
				DF59A6CD19E6BBF300D1CF0A /* Resources */,
			);
			buildRules = (
			);
			dependencies = (
			);
			name = WechatInterface;
			productName = WechatInterface;
			productReference = DF59A6CF19E6BBF300D1CF0A /* WechatInterface.app */;
			productType = "com.apple.product-type.application";
		};
		DF59A6EA19E6BBF300D1CF0A /* WechatInterfaceTests */ = {
			isa = PBXNativeTarget;
			buildConfigurationList = DF59A6F819E6BBF300D1CF0A /* Build configuration list for PBXNativeTarget "WechatInterfaceTests" */;
			buildPhases = (
				DF59A6E719E6BBF300D1CF0A /* Sources */,
				DF59A6E819E6BBF300D1CF0A /* Frameworks */,
				DF59A6E919E6BBF300D1CF0A /* Resources */,
			);
			buildRules = (
			);
			dependencies = (
				DF59A6ED19E6BBF300D1CF0A /* PBXTargetDependency */,
			);
			name = WechatInterfaceTests;
			productName = WechatInterfaceTests;
			productReference = DF59A6EB19E6BBF300D1CF0A /* WechatInterfaceTests.xctest */;
			productType = "com.apple.product-type.bundle.unit-test";
		};
/* End PBXNativeTarget section */

/* Begin PBXProject section */
		DF59A6C719E6BBF300D1CF0A /* Project object */ = {
			isa = PBXProject;
			attributes = {
				LastUpgradeCheck = 0600;
				ORGANIZATIONNAME = "孙培峰";
				TargetAttributes = {
					DF59A6CE19E6BBF300D1CF0A = {
						CreatedOnToolsVersion = 6.0.1;
					};
					DF59A6EA19E6BBF300D1CF0A = {
						CreatedOnToolsVersion = 6.0.1;
						TestTargetID = DF59A6CE19E6BBF300D1CF0A;
					};
				};
			};
			buildConfigurationList = DF59A6CA19E6BBF300D1CF0A /* Build configuration list for PBXProject "WechatInterface" */;
			compatibilityVersion = "Xcode 3.2";
			developmentRegion = English;
			hasScannedForEncodings = 0;
			knownRegions = (
				en,
				Base,
			);
			mainGroup = DF59A6C619E6BBF300D1CF0A;
			productRefGroup = DF59A6D019E6BBF300D1CF0A /* Products */;
			projectDirPath = "";
			projectRoot = "";
			targets = (
				DF59A6CE19E6BBF300D1CF0A /* WechatInterface */,
				DF59A6EA19E6BBF300D1CF0A /* WechatInterfaceTests */,
			);
		};
/* End PBXProject section */

/* Begin PBXResourcesBuildPhase section */
		DF59A6CD19E6BBF300D1CF0A /* Resources */ = {
			isa = PBXResourcesBuildPhase;
			buildActionMask = 2147483647;
			files = (
				DF59A6E119E6BBF300D1CF0A /* Main.storyboard in Resources */,
				DF59A6E619E6BBF300D1CF0A /* LaunchScreen.xib in Resources */,
				DF59A6E319E6BBF300D1CF0A /* Images.xcassets in Resources */,
			);
			runOnlyForDeploymentPostprocessing = 0;
		};
		DF59A6E919E6BBF300D1CF0A /* Resources */ = {
			isa = PBXResourcesBuildPhase;
			buildActionMask = 2147483647;
			files = (
			);
			runOnlyForDeploymentPostprocessing = 0;
		};
/* End PBXResourcesBuildPhase section */

/* Begin PBXSourcesBuildPhase section */
		DF59A6CB19E6BBF300D1CF0A /* Sources */ = {
			isa = PBXSourcesBuildPhase;
			buildActionMask = 2147483647;
			files = (
				DF59A6D819E6BBF300D1CF0A /* AppDelegate.m in Sources */,
				DF59A6D519E6BBF300D1CF0A /* main.m in Sources */,
				DF86FEC11A13419600275F92 /* ChatTableViewCell.m in Sources */,
				DF86FEB81A13368300275F92 /* ChatViewController.m in Sources */,
				DF86FEBE1A133FDF00275F92 /* ChatDetailViewController.m in Sources */,
			);
			runOnlyForDeploymentPostprocessing = 0;
		};
		DF59A6E719E6BBF300D1CF0A /* Sources */ = {
			isa = PBXSourcesBuildPhase;
			buildActionMask = 2147483647;
			files = (
				DF59A6F219E6BBF300D1CF0A /* WechatInterfaceTests.m in Sources */,
			);
			runOnlyForDeploymentPostprocessing = 0;
		};
/* End PBXSourcesBuildPhase section */

/* Begin PBXTargetDependency section */
		DF59A6ED19E6BBF300D1CF0A /* PBXTargetDependency */ = {
			isa = PBXTargetDependency;
			target = DF59A6CE19E6BBF300D1CF0A /* WechatInterface */;
			targetProxy = DF59A6EC19E6BBF300D1CF0A /* PBXContainerItemProxy */;
		};
/* End PBXTargetDependency section */

/* Begin PBXVariantGroup section */
		DF59A6DF19E6BBF300D1CF0A /* Main.storyboard */ = {
			isa = PBXVariantGroup;
			children = (
				DF59A6E019E6BBF300D1CF0A /* Base */,
			);
			name = Main.storyboard;
			sourceTree = "<group>";
		};
		DF59A6E419E6BBF300D1CF0A /* LaunchScreen.xib */ = {
			isa = PBXVariantGroup;
			children = (
				DF59A6E519E6BBF300D1CF0A /* Base */,
			);
			name = LaunchScreen.xib;
			sourceTree = "<group>";
		};
/* End PBXVariantGroup section */

/* Begin XCBuildConfiguration section */
		DF59A6F319E6BBF300D1CF0A /* Debug */ = {
			isa = XCBuildConfiguration;
			buildSettings = {
				ALWAYS_SEARCH_USER_PATHS = NO;
				CLANG_CXX_LANGUAGE_STANDARD = "gnu++0x";
				CLANG_CXX_LIBRARY = "libc++";
				CLANG_ENABLE_MODULES = YES;
				CLANG_ENABLE_OBJC_ARC = YES;
				CLANG_WARN_BOOL_CONVERSION = YES;
				CLANG_WARN_CONSTANT_CONVERSION = YES;
				CLANG_WARN_DIRECT_OBJC_ISA_USAGE = YES_ERROR;
				CLANG_WARN_EMPTY_BODY = YES;
				CLANG_WARN_ENUM_CONVERSION = YES;
				CLANG_WARN_INT_CONVERSION = YES;
				CLANG_WARN_OBJC_ROOT_CLASS = YES_ERROR;
				CLANG_WARN_UNREACHABLE_CODE = YES;
				CLANG_WARN__DUPLICATE_METHOD_MATCH = YES;
				"CODE_SIGN_IDENTITY[sdk=iphoneos*]" = "iPhone Developer";
				COPY_PHASE_STRIP = NO;
				ENABLE_STRICT_OBJC_MSGSEND = YES;
				GCC_C_LANGUAGE_STANDARD = gnu99;
				GCC_DYNAMIC_NO_PIC = NO;
				GCC_OPTIMIZATION_LEVEL = 0;
				GCC_PREPROCESSOR_DEFINITIONS = (
					"DEBUG=1",
					"$(inherited)",
				);
				GCC_SYMBOLS_PRIVATE_EXTERN = NO;
				GCC_WARN_64_TO_32_BIT_CONVERSION = YES;
				GCC_WARN_ABOUT_RETURN_TYPE = YES_ERROR;
				GCC_WARN_UNDECLARED_SELECTOR = YES;
				GCC_WARN_UNINITIALIZED_AUTOS = YES_AGGRESSIVE;
				GCC_WARN_UNUSED_FUNCTION = YES;
				GCC_WARN_UNUSED_VARIABLE = YES;
				IPHONEOS_DEPLOYMENT_TARGET = 8.0;
				MTL_ENABLE_DEBUG_INFO = YES;
				ONLY_ACTIVE_ARCH = YES;
				SDKROOT = iphoneos;
				TARGETED_DEVICE_FAMILY = "1,2";
			};
			name = Debug;
		};
		DF59A6F419E6BBF300D1CF0A /* Release */ = {
			isa = XCBuildConfiguration;
			buildSettings = {
				ALWAYS_SEARCH_USER_PATHS = NO;
				CLANG_CXX_LANGUAGE_STANDARD = "gnu++0x";
				CLANG_CXX_LIBRARY = "libc++";
				CLANG_ENABLE_MODULES = YES;
				CLANG_ENABLE_OBJC_ARC = YES;
				CLANG_WARN_BOOL_CONVERSION = YES;
				CLANG_WARN_CONSTANT_CONVERSION = YES;
				CLANG_WARN_DIRECT_OBJC_ISA_USAGE = YES_ERROR;
				CLANG_WARN_EMPTY_BODY = YES;
				CLANG_WARN_ENUM_CONVERSION = YES;
				CLANG_WARN_INT_CONVERSION = YES;
				CLANG_WARN_OBJC_ROOT_CLASS = YES_ERROR;
				CLANG_WARN_UNREACHABLE_CODE = YES;
				CLANG_WARN__DUPLICATE_METHOD_MATCH = YES;
				"CODE_SIGN_IDENTITY[sdk=iphoneos*]" = "iPhone Developer";
				COPY_PHASE_STRIP = YES;
				ENABLE_NS_ASSERTIONS = NO;
				ENABLE_STRICT_OBJC_MSGSEND = YES;
				GCC_C_LANGUAGE_STANDARD = gnu99;
				GCC_WARN_64_TO_32_BIT_CONVERSION = YES;
				GCC_WARN_ABOUT_RETURN_TYPE = YES_ERROR;
				GCC_WARN_UNDECLARED_SELECTOR = YES;
				GCC_WARN_UNINITIALIZED_AUTOS = YES_AGGRESSIVE;
				GCC_WARN_UNUSED_FUNCTION = YES;
				GCC_WARN_UNUSED_VARIABLE = YES;
				IPHONEOS_DEPLOYMENT_TARGET = 8.0;
				MTL_ENABLE_DEBUG_INFO = NO;
				SDKROOT = iphoneos;
				TARGETED_DEVICE_FAMILY = "1,2";
				VALIDATE_PRODUCT = YES;
			};
			name = Release;
		};
		DF59A6F619E6BBF300D1CF0A /* Debug */ = {
			isa = XCBuildConfiguration;
			buildSettings = {
				ASSETCATALOG_COMPILER_APPICON_NAME = AppIcon;
				INFOPLIST_FILE = WechatInterface/Info.plist;
				LD_RUNPATH_SEARCH_PATHS = "$(inherited) @executable_path/Frameworks";
				PRODUCT_NAME = "$(TARGET_NAME)";
			};
			name = Debug;
		};
		DF59A6F719E6BBF300D1CF0A /* Release */ = {
			isa = XCBuildConfiguration;
			buildSettings = {
				ASSETCATALOG_COMPILER_APPICON_NAME = AppIcon;
				INFOPLIST_FILE = WechatInterface/Info.plist;
				LD_RUNPATH_SEARCH_PATHS = "$(inherited) @executable_path/Frameworks";
				PRODUCT_NAME = "$(TARGET_NAME)";
			};
			name = Release;
		};
		DF59A6F919E6BBF300D1CF0A /* Debug */ = {
			isa = XCBuildConfiguration;
			buildSettings = {
				BUNDLE_LOADER = "$(TEST_HOST)";
				FRAMEWORK_SEARCH_PATHS = (
					"$(SDKROOT)/Developer/Library/Frameworks",
					"$(inherited)",
				);
				GCC_PREPROCESSOR_DEFINITIONS = (
					"DEBUG=1",
					"$(inherited)",
				);
				INFOPLIST_FILE = WechatInterfaceTests/Info.plist;
				LD_RUNPATH_SEARCH_PATHS = "$(inherited) @executable_path/Frameworks @loader_path/Frameworks";
				PRODUCT_NAME = "$(TARGET_NAME)";
				TEST_HOST = "$(BUILT_PRODUCTS_DIR)/WechatInterface.app/WechatInterface";
			};
			name = Debug;
		};
		DF59A6FA19E6BBF300D1CF0A /* Release */ = {
			isa = XCBuildConfiguration;
			buildSettings = {
				BUNDLE_LOADER = "$(TEST_HOST)";
				FRAMEWORK_SEARCH_PATHS = (
					"$(SDKROOT)/Developer/Library/Frameworks",
					"$(inherited)",
				);
				INFOPLIST_FILE = WechatInterfaceTests/Info.plist;
				LD_RUNPATH_SEARCH_PATHS = "$(inherited) @executable_path/Frameworks @loader_path/Frameworks";
				PRODUCT_NAME = "$(TARGET_NAME)";
				TEST_HOST = "$(BUILT_PRODUCTS_DIR)/WechatInterface.app/WechatInterface";
			};
			name = Release;
		};
/* End XCBuildConfiguration section */

/* Begin XCConfigurationList section */
		DF59A6CA19E6BBF300D1CF0A /* Build configuration list for PBXProject "WechatInterface" */ = {
			isa = XCConfigurationList;
			buildConfigurations = (
				DF59A6F319E6BBF300D1CF0A /* Debug */,
				DF59A6F419E6BBF300D1CF0A /* Release */,
			);
			defaultConfigurationIsVisible = 0;
			defaultConfigurationName = Release;
		};
		DF59A6F519E6BBF300D1CF0A /* Build configuration list for PBXNativeTarget "WechatInterface" */ = {
			isa = XCConfigurationList;
			buildConfigurations = (
				DF59A6F619E6BBF300D1CF0A /* Debug */,
				DF59A6F719E6BBF300D1CF0A /* Release */,
			);
			defaultConfigurationIsVisible = 0;
			defaultConfigurationName = Release;
		};
		DF59A6F819E6BBF300D1CF0A /* Build configuration list for PBXNativeTarget "WechatInterfaceTests" */ = {
			isa = XCConfigurationList;
			buildConfigurations = (
				DF59A6F919E6BBF300D1CF0A /* Debug */,
				DF59A6FA19E6BBF300D1CF0A /* Release */,
			);
			defaultConfigurationIsVisible = 0;
			defaultConfigurationName = Release;
		};
/* End XCConfigurationList section */
	};
	rootObject = DF59A6C719E6BBF300D1CF0A /* Project object */;
}
